
Microsoft Visual Studio Solution File, Format Version 12.00
# Visual Studio Version 18
VisualStudioVersion = 18.0.11222.15 d18.0
MinimumVisualStudioVersion = 10.0.40219.1
Project("{FAE04EC0-301F-11D3-BF4B-00C04F79EFBC}") = "PictogramAPI", "PictogramAPI\PictogramAPI.csproj", "{7B827DA4-AC91-447A-9CD2-0BF3C6FBF601}"
EndProject
Project("{54A90642-561A-4BB1-A94E-469ADEE60C69}") = "piktogramm_3sem_webapplication", "Piktogramm_3Sem_WebApplication\piktogramm_3sem_webapplication.esproj", "{82A46E0B-6A93-82C9-F4D1-6B1274387CB8}"
EndProject
Global
	GlobalSection(SolutionConfigurationPlatforms) = preSolution
		Debug|Any CPU = Debug|Any CPU
		Release|Any CPU = Release|Any CPU
	EndGlobalSection
	GlobalSection(ProjectConfigurationPlatforms) = postSolution
		{7B827DA4-AC91-447A-9CD2-0BF3C6FBF601}.Debug|Any CPU.ActiveCfg = Debug|Any CPU
		{7B827DA4-AC91-447A-9CD2-0BF3C6FBF601}.Debug|Any CPU.Build.0 = Debug|Any CPU
		{7B827DA4-AC91-447A-9CD2-0BF3C6FBF601}.Release|Any CPU.ActiveCfg = Release|Any CPU
		{7B827DA4-AC91-447A-9CD2-0BF3C6FBF601}.Release|Any CPU.Build.0 = Release|Any CPU
		{82A46E0B-6A93-82C9-F4D1-6B1274387CB8}.Debug|Any CPU.ActiveCfg = Debug|Any CPU
		{82A46E0B-6A93-82C9-F4D1-6B1274387CB8}.Debug|Any CPU.Build.0 = Debug|Any CPU
		{82A46E0B-6A93-82C9-F4D1-6B1274387CB8}.Debug|Any CPU.Deploy.0 = Debug|Any CPU
		{82A46E0B-6A93-82C9-F4D1-6B1274387CB8}.Release|Any CPU.ActiveCfg = Release|Any CPU
		{82A46E0B-6A93-82C9-F4D1-6B1274387CB8}.Release|Any CPU.Build.0 = Release|Any CPU
		{82A46E0B-6A93-82C9-F4D1-6B1274387CB8}.Release|Any CPU.Deploy.0 = Release|Any CPU
	EndGlobalSection
	GlobalSection(SolutionProperties) = preSolution
		HideSolutionNode = FALSE
	EndGlobalSection
	GlobalSection(ExtensibilityGlobals) = postSolution
		SolutionGuid = {9F3623D6-4B63-4D21-8EEC-A8178F77A26D}
	EndGlobalSection
EndGlobal
