
Microsoft Visual Studio Solution File, Format Version 12.00
# Visual Studio Version 17
VisualStudioVersion = 17.14.36705.20
MinimumVisualStudioVersion = 10.0.40219.1
Project("{FAE04EC0-301F-11D3-BF4B-00C04F79EFBC}") = "PictogramAPI", "PictogramAPI\PictogramAPI.csproj", "{7B827DA4-AC91-447A-9CD2-0BF3C6FBF601}"
EndProject
Project("{54A90642-561A-4BB1-A94E-469ADEE60C69}") = "React_WebApplication", "React_WebApplication\React_WebApplication.esproj", "{7C359A04-CF6F-065D-279A-4778582C20BA}"
EndProject
Global
	GlobalSection(SolutionConfigurationPlatforms) = preSolution
		Debug|Any CPU = Debug|Any CPU
		Release|Any CPU = Release|Any CPU
	EndGlobalSection
	GlobalSection(ProjectConfigurationPlatforms) = postSolution
		{7B827DA4-AC91-447A-9CD2-0BF3C6FBF601}.Debug|Any CPU.ActiveCfg = Debug|Any CPU
		{7B827DA4-AC91-447A-9CD2-0BF3C6FBF601}.Debug|Any CPU.Build.0 = Debug|Any CPU
		{7B827DA4-AC91-447A-9CD2-0BF3C6FBF601}.Release|Any CPU.ActiveCfg = Release|Any CPU
		{7B827DA4-AC91-447A-9CD2-0BF3C6FBF601}.Release|Any CPU.Build.0 = Release|Any CPU
		{7C359A04-CF6F-065D-279A-4778582C20BA}.Debug|Any CPU.ActiveCfg = Debug|Any CPU
		{7C359A04-CF6F-065D-279A-4778582C20BA}.Debug|Any CPU.Build.0 = Debug|Any CPU
		{7C359A04-CF6F-065D-279A-4778582C20BA}.Debug|Any CPU.Deploy.0 = Debug|Any CPU
		{7C359A04-CF6F-065D-279A-4778582C20BA}.Release|Any CPU.ActiveCfg = Release|Any CPU
		{7C359A04-CF6F-065D-279A-4778582C20BA}.Release|Any CPU.Build.0 = Release|Any CPU
		{7C359A04-CF6F-065D-279A-4778582C20BA}.Release|Any CPU.Deploy.0 = Release|Any CPU
	EndGlobalSection
	GlobalSection(SolutionProperties) = preSolution
		HideSolutionNode = FALSE
	EndGlobalSection
	GlobalSection(ExtensibilityGlobals) = postSolution
		SolutionGuid = {9F3623D6-4B63-4D21-8EEC-A8178F77A26D}
	EndGlobalSection
EndGlobal
